#MicroXplorer Configuration settings - do not modify
#Wed Dec 10 18:57:26 CST 2014
File.Version=4
KeepUserPlacement=false
Mcu.Family=STM32F0
Mcu.IP0=NVIC
Mcu.IP1=RCC
Mcu.IP2=SPI1
Mcu.IP3=USART1
Mcu.IPNb=4
Mcu.Name=STM32F030K6Tx
Mcu.Package=LQFP32
Mcu.Pin0=PA0
Mcu.Pin1=PA1
Mcu.Pin2=PA2
Mcu.Pin3=PA3
Mcu.Pin4=PA5
Mcu.Pin5=PA6
Mcu.Pin6=PA7
Mcu.PinsNb=7
Mcu.UserName=STM32F030K6Tx
MxCube.Version=4.5.0
NVIC.SysTick_IRQn=true\:0\:0\:false
PA0.Mode=CTS_RTS
PA0.Signal=USART1_CTS
PA1.Mode=CTS_RTS
PA1.Signal=USART1_RTS
PA2.Mode=Asynchronous
PA2.Signal=USART1_TX
PA3.Mode=Asynchronous
PA3.Signal=USART1_RX
PA5.Mode=Full_Duplex_Master
PA5.Signal=SPI1_SCK
PA6.Mode=Full_Duplex_Master
PA6.Signal=SPI1_MISO
PA7.Mode=Full_Duplex_Master
PA7.Signal=SPI1_MOSI
PCC.Family=STM32F0
PCC.MCU=STM32F030K6Tx
PCC.MXVersion=4.5.0
PCC.PartNumber=STM32F030K6Tx
PCC.Seq0=0
PCC.SubFamily=STM32F030 Value Line
PCC.Temperature=25
PCC.Vdd=3.6
RCC.FamilyName=M
RCC.IPParameters=FamilyName,PLLMCOFreq_Value,PLLCLKFreq_Value
RCC.PLLCLKFreq_Value=8000000
RCC.PLLMCOFreq_Value=8000000
SPI1.CalculateBaudRate-Full_Duplex_Master=4.0 MBits/s
SPI1.IPParameters=Mode-Full_Duplex_Master,CalculateBaudRate-Full_Duplex_Master
SPI1.Mode-Full_Duplex_Master=SPI_MODE_MASTER
